Microsoft Visual Studio Solution File, Format Version 12.00
# Visual Studio Version 17
VisualStudioVersion = 17.5.2.0
MinimumVisualStudioVersion = 10.0.40219.1
Project("{2150E333-8FDC-42A3-9474-1A3956D46DE8}") = "backend", "backend", "{1AE8ACA6-933B-BF2A-3671-3E2EAC007D16}"
EndProject
Project("{FAE04EC0-301F-11D3-BF4B-00C04F79EFBC}") = "MRR.WebAPI", "MeetingRoomApi\MRR.WebAPI.csproj", "{E057BC09-9139-464D-AEC7-A01DDF6D8D05}"
EndProject
Project("{FAE04EC0-301F-11D3-BF4B-00C04F79EFBC}") = "MRR.Application", "MeetingRoom.Application\MRR.Application.csproj", "{847482E7-CDCD-4244-99C2-90A7A14C957B}"
EndProject
Project("{FAE04EC0-301F-11D3-BF4B-00C04F79EFBC}") = "MRR.Domain", "MeetingRoom.Domain\MRR.Domain.csproj", "{27985EF0-341B-4892-BAA0-635CB3DC2BEB}"
EndProject
Project("{FAE04EC0-301F-11D3-BF4B-00C04F79EFBC}") = "MRR.Infrastructure", "MeetingRoom.Infrastructure\MRR.Infrastructure.csproj", "{BE122F9F-3B02-4983-B7D3-FE11AFF187C2}"
EndProject
Project("{FAE04EC0-301F-11D3-BF4B-00C04F79EFBC}") = "MRR.Shared", "MeetingRoom.Shared\MRR.Shared.csproj", "{7A7897CE-A1BC-4578-BBA6-E204A9ED3C54}"
EndProject
Project("{FAE04EC0-301F-11D3-BF4B-00C04F79EFBC}") = "MRR.Tests", "MRR.Tests\MRR.Tests.csproj", "{F63139EB-1FA7-464F-91D3-8BD112D35AAC}"
EndProject
Global
	GlobalSection(SolutionConfigurationPlatforms) = preSolution
		Debug|Any CPU = Debug|Any CPU
		Release|Any CPU = Release|Any CPU
	EndGlobalSection
	GlobalSection(ProjectConfigurationPlatforms) = postSolution
		{E057BC09-9139-464D-AEC7-A01DDF6D8D05}.Debug|Any CPU.ActiveCfg = Debug|Any CPU
		{E057BC09-9139-464D-AEC7-A01DDF6D8D05}.Debug|Any CPU.Build.0 = Debug|Any CPU
		{E057BC09-9139-464D-AEC7-A01DDF6D8D05}.Release|Any CPU.ActiveCfg = Release|Any CPU
		{E057BC09-9139-464D-AEC7-A01DDF6D8D05}.Release|Any CPU.Build.0 = Release|Any CPU
		{847482E7-CDCD-4244-99C2-90A7A14C957B}.Debug|Any CPU.ActiveCfg = Debug|Any CPU
		{847482E7-CDCD-4244-99C2-90A7A14C957B}.Debug|Any CPU.Build.0 = Debug|Any CPU
		{847482E7-CDCD-4244-99C2-90A7A14C957B}.Release|Any CPU.ActiveCfg = Release|Any CPU
		{847482E7-CDCD-4244-99C2-90A7A14C957B}.Release|Any CPU.Build.0 = Release|Any CPU
		{27985EF0-341B-4892-BAA0-635CB3DC2BEB}.Debug|Any CPU.ActiveCfg = Debug|Any CPU
		{27985EF0-341B-4892-BAA0-635CB3DC2BEB}.Debug|Any CPU.Build.0 = Debug|Any CPU
		{27985EF0-341B-4892-BAA0-635CB3DC2BEB}.Release|Any CPU.ActiveCfg = Release|Any CPU
		{27985EF0-341B-4892-BAA0-635CB3DC2BEB}.Release|Any CPU.Build.0 = Release|Any CPU
		{BE122F9F-3B02-4983-B7D3-FE11AFF187C2}.Debug|Any CPU.ActiveCfg = Debug|Any CPU
		{BE122F9F-3B02-4983-B7D3-FE11AFF187C2}.Debug|Any CPU.Build.0 = Debug|Any CPU
		{BE122F9F-3B02-4983-B7D3-FE11AFF187C2}.Release|Any CPU.ActiveCfg = Release|Any CPU
		{BE122F9F-3B02-4983-B7D3-FE11AFF187C2}.Release|Any CPU.Build.0 = Release|Any CPU
		{7A7897CE-A1BC-4578-BBA6-E204A9ED3C54}.Debug|Any CPU.ActiveCfg = Debug|Any CPU
		{7A7897CE-A1BC-4578-BBA6-E204A9ED3C54}.Debug|Any CPU.Build.0 = Debug|Any CPU
		{7A7897CE-A1BC-4578-BBA6-E204A9ED3C54}.Release|Any CPU.ActiveCfg = Release|Any CPU
		{7A7897CE-A1BC-4578-BBA6-E204A9ED3C54}.Release|Any CPU.Build.0 = Release|Any CPU
		{F63139EB-1FA7-464F-91D3-8BD112D35AAC}.Debug|Any CPU.ActiveCfg = Debug|Any CPU
		{F63139EB-1FA7-464F-91D3-8BD112D35AAC}.Debug|Any CPU.Build.0 = Debug|Any CPU
		{F63139EB-1FA7-464F-91D3-8BD112D35AAC}.Release|Any CPU.ActiveCfg = Release|Any CPU
		{F63139EB-1FA7-464F-91D3-8BD112D35AAC}.Release|Any CPU.Build.0 = Release|Any CPU
	EndGlobalSection
	GlobalSection(SolutionProperties) = preSolution
		HideSolutionNode = FALSE
	EndGlobalSection
	GlobalSection(NestedProjects) = preSolution
		{E057BC09-9139-464D-AEC7-A01DDF6D8D05} = {1AE8ACA6-933B-BF2A-3671-3E2EAC007D16}
		{847482E7-CDCD-4244-99C2-90A7A14C957B} = {1AE8ACA6-933B-BF2A-3671-3E2EAC007D16}
		{27985EF0-341B-4892-BAA0-635CB3DC2BEB} = {1AE8ACA6-933B-BF2A-3671-3E2EAC007D16}
		{BE122F9F-3B02-4983-B7D3-FE11AFF187C2} = {1AE8ACA6-933B-BF2A-3671-3E2EAC007D16}
		{7A7897CE-A1BC-4578-BBA6-E204A9ED3C54} = {1AE8ACA6-933B-BF2A-3671-3E2EAC007D16}
		{F63139EB-1FA7-464F-91D3-8BD112D35AAC} = {1AE8ACA6-933B-BF2A-3671-3E2EAC007D16}
	EndGlobalSection
	GlobalSection(ExtensibilityGlobals) = postSolution
		SolutionGuid = {602892D5-69C7-4EB1-8A9C-28439A4E2C2F}
	EndGlobalSection
EndGlobal
